// !$*UTF8*$!
{
	archiveVersion = 1;
	classes = {
	};
	objectVersion = 77;
	objects = {

/* Begin PBXContainerItemProxy section */
		B277DE5A2D93602D00ED1F28 /* PBXContainerItemProxy */ = {
			isa = PBXContainerItemProxy;
			containerPortal = B277DE412D93602700ED1F28 /* Project object */;
			proxyType = 1;
			remoteGlobalIDString = B277DE482D93602700ED1F28;
			remoteInfo = Pomodoro_Technique_Timer;
		};
		B277DE642D93602D00ED1F28 /* PBXContainerItemProxy */ = {
			isa = PBXContainerItemProxy;
			containerPortal = B277DE412D93602700ED1F28 /* Project object */;
			proxyType = 1;
			remoteGlobalIDString = B277DE482D93602700ED1F28;
			remoteInfo = Pomodoro_Technique_Timer;
		};
/* End PBXContainerItemProxy section */

/* Begin PBXFileReference section */
		B277DE492D93602700ED1F28 /* Pomodoro_Technique_Timer.app */ = {isa = PBXFileReference; explicitFileType = wrapper.application; includeInIndex = 0; path = Pomodoro_Technique_Timer.app; sourceTree = BUILT_PRODUCTS_DIR; };
		B277DE592D93602D00ED1F28 /* Pomodoro_Technique_TimerTests.xctest */ = {isa = PBXFileReference; explicitFileType = wrapper.cfbundle; includeInIndex = 0; path = Pomodoro_Technique_TimerTests.xctest; sourceTree = BUILT_PRODUCTS_DIR; };
		B277DE632D93602D00ED1F28 /* Pomodoro_Technique_TimerUITests.xctest */ = {isa = PBXFileReference; explicitFileType = wrapper.cfbundle; includeInIndex = 0; path = Pomodoro_Technique_TimerUITests.xctest; sourceTree = BUILT_PRODUCTS_DIR; };
/* End PBXFileReference section */

/* Begin PBXFileSystemSynchronizedRootGroup section */
		B277DE4B2D93602700ED1F28 /* Pomodoro_Technique_Timer */ = {
			isa = PBXFileSystemSynchronizedRootGroup;
			path = Pomodoro_Technique_Timer;
			sourceTree = "<group>";
		};
		B277DE5C2D93602D00ED1F28 /* Pomodoro_Technique_TimerTests */ = {
			isa = PBXFileSystemSynchronizedRootGroup;
			path = Pomodoro_Technique_TimerTests;
			sourceTree = "<group>";
		};
		B277DE662D93602D00ED1F28 /* Pomodoro_Technique_TimerUITests */ = {
			isa = PBXFileSystemSynchronizedRootGroup;
			path = Pomodoro_Technique_TimerUITests;
			sourceTree = "<group>";
		};
/* End PBXFileSystemSynchronizedRootGroup section */

/* Begin PBXFrameworksBuildPhase section */
		B277DE462D93602700ED1F28 /* Frameworks */ = {
			isa = PBXFrameworksBuildPhase;
			buildActionMask = 2147483647;
			files = (
			);
			runOnlyForDeploymentPostprocessing = 0;
		};
		B277DE562D93602D00ED1F28 /* Frameworks */ = {
			isa = PBXFrameworksBuildPhase;
			buildActionMask = 2147483647;
			files = (
			);
			runOnlyForDeploymentPostprocessing = 0;
		};
		B277DE602D93602D00ED1F28 /* Frameworks */ = {
			isa = PBXFrameworksBuildPhase;
			buildActionMask = 2147483647;
			files = (
			);
			runOnlyForDeploymentPostprocessing = 0;
		};
/* End PBXFrameworksBuildPhase section */

/* Begin PBXGroup section */
		B277DE402D93602700ED1F28 = {
			isa = PBXGroup;
			children = (
				B277DE4B2D93602700ED1F28 /* Pomodoro_Technique_Timer */,
				B277DE5C2D93602D00ED1F28 /* Pomodoro_Technique_TimerTests */,
				B277DE662D93602D00ED1F28 /* Pomodoro_Technique_TimerUITests */,
				B277DE4A2D93602700ED1F28 /* Products */,
			);
			sourceTree = "<group>";
		};
		B277DE4A2D93602700ED1F28 /* Products */ = {
			isa = PBXGroup;
			children = (
				B277DE492D93602700ED1F28 /* Pomodoro_Technique_Timer.app */,
				B277DE592D93602D00ED1F28 /* Pomodoro_Technique_TimerTests.xctest */,
				B277DE632D93602D00ED1F28 /* Pomodoro_Technique_TimerUITests.xctest */,
			);
			name = Products;
			sourceTree = "<group>";
		};
/* End PBXGroup section */

/* Begin PBXNativeTarget section */
		B277DE482D93602700ED1F28 /* Pomodoro_Technique_Timer */ = {
			isa = PBXNativeTarget;
			buildConfigurationList = B277DE6D2D93602D00ED1F28 /* Build configuration list for PBXNativeTarget "Pomodoro_Technique_Timer" */;
			buildPhases = (
				B277DE452D93602700ED1F28 /* Sources */,
				B277DE462D93602700ED1F28 /* Frameworks */,
				B277DE472D93602700ED1F28 /* Resources */,
			);
			buildRules = (
			);
			dependencies = (
			);
			fileSystemSynchronizedGroups = (
				B277DE4B2D93602700ED1F28 /* Pomodoro_Technique_Timer */,
			);
			name = Pomodoro_Technique_Timer;
			packageProductDependencies = (
			);
			productName = Pomodoro_Technique_Timer;
			productReference = B277DE492D93602700ED1F28 /* Pomodoro_Technique_Timer.app */;
			productType = "com.apple.product-type.application";
		};
		B277DE582D93602D00ED1F28 /* Pomodoro_Technique_TimerTests */ = {
			isa = PBXNativeTarget;
			buildConfigurationList = B277DE702D93602D00ED1F28 /* Build configuration list for PBXNativeTarget "Pomodoro_Technique_TimerTests" */;
			buildPhases = (
				B277DE552D93602D00ED1F28 /* Sources */,
				B277DE562D93602D00ED1F28 /* Frameworks */,
				B277DE572D93602D00ED1F28 /* Resources */,
			);
			buildRules = (
			);
			dependencies = (
				B277DE5B2D93602D00ED1F28 /* PBXTargetDependency */,
			);
			fileSystemSynchronizedGroups = (
				B277DE5C2D93602D00ED1F28 /* Pomodoro_Technique_TimerTests */,
			);
			name = Pomodoro_Technique_TimerTests;
			packageProductDependencies = (
			);
			productName = Pomodoro_Technique_TimerTests;
			productReference = B277DE592D93602D00ED1F28 /* Pomodoro_Technique_TimerTests.xctest */;
			productType = "com.apple.product-type.bundle.unit-test";
		};
		B277DE622D93602D00ED1F28 /* Pomodoro_Technique_TimerUITests */ = {
			isa = PBXNativeTarget;
			buildConfigurationList = B277DE732D93602D00ED1F28 /* Build configuration list for PBXNativeTarget "Pomodoro_Technique_TimerUITests" */;
			buildPhases = (
				B277DE5F2D93602D00ED1F28 /* Sources */,
				B277DE602D93602D00ED1F28 /* Frameworks */,
				B277DE612D93602D00ED1F28 /* Resources */,
			);
			buildRules = (
			);
			dependencies = (
				B277DE652D93602D00ED1F28 /* PBXTargetDependency */,
			);
			fileSystemSynchronizedGroups = (
				B277DE662D93602D00ED1F28 /* Pomodoro_Technique_TimerUITests */,
			);
			name = Pomodoro_Technique_TimerUITests;
			packageProductDependencies = (
			);
			productName = Pomodoro_Technique_TimerUITests;
			productReference = B277DE632D93602D00ED1F28 /* Pomodoro_Technique_TimerUITests.xctest */;
			productType = "com.apple.product-type.bundle.ui-testing";
		};
/* End PBXNativeTarget section */

/* Begin PBXProject section */
		B277DE412D93602700ED1F28 /* Project object */ = {
			isa = PBXProject;
			attributes = {
				BuildIndependentTargetsInParallel = 1;
				LastSwiftUpdateCheck = 1620;
				LastUpgradeCheck = 1620;
				TargetAttributes = {
					B277DE482D93602700ED1F28 = {
						CreatedOnToolsVersion = 16.2;
					};
					B277DE582D93602D00ED1F28 = {
						CreatedOnToolsVersion = 16.2;
						TestTargetID = B277DE482D93602700ED1F28;
					};
					B277DE622D93602D00ED1F28 = {
						CreatedOnToolsVersion = 16.2;
						TestTargetID = B277DE482D93602700ED1F28;
					};
				};
			};
			buildConfigurationList = B277DE442D93602700ED1F28 /* Build configuration list for PBXProject "Pomodoro_Technique_Timer" */;
			developmentRegion = en;
			hasScannedForEncodings = 0;
			knownRegions = (
				en,
				Base,
			);
			mainGroup = B277DE402D93602700ED1F28;
			minimizedProjectReferenceProxies = 1;
			preferredProjectObjectVersion = 77;
			productRefGroup = B277DE4A2D93602700ED1F28 /* Products */;
			projectDirPath = "";
			projectRoot = "";
			targets = (
				B277DE482D93602700ED1F28 /* Pomodoro_Technique_Timer */,
				B277DE582D93602D00ED1F28 /* Pomodoro_Technique_TimerTests */,
				B277DE622D93602D00ED1F28 /* Pomodoro_Technique_TimerUITests */,
			);
		};
/* End PBXProject section */

/* Begin PBXResourcesBuildPhase section */
		B277DE472D93602700ED1F28 /* Resources */ = {
			isa = PBXResourcesBuildPhase;
			buildActionMask = 2147483647;
			files = (
			);
			runOnlyForDeploymentPostprocessing = 0;
		};
		B277DE572D93602D00ED1F28 /* Resources */ = {
			isa = PBXResourcesBuildPhase;
			buildActionMask = 2147483647;
			files = (
			);
			runOnlyForDeploymentPostprocessing = 0;
		};
		B277DE612D93602D00ED1F28 /* Resources */ = {
			isa = PBXResourcesBuildPhase;
			buildActionMask = 2147483647;
			files = (
			);
			runOnlyForDeploymentPostprocessing = 0;
		};
/* End PBXResourcesBuildPhase section */

/* Begin PBXSourcesBuildPhase section */
		B277DE452D93602700ED1F28 /* Sources */ = {
			isa = PBXSourcesBuildPhase;
			buildActionMask = 2147483647;
			files = (
			);
			runOnlyForDeploymentPostprocessing = 0;
		};
		B277DE552D93602D00ED1F28 /* Sources */ = {
			isa = PBXSourcesBuildPhase;
			buildActionMask = 2147483647;
			files = (
			);
			runOnlyForDeploymentPostprocessing = 0;
		};
		B277DE5F2D93602D00ED1F28 /* Sources */ = {
			isa = PBXSourcesBuildPhase;
			buildActionMask = 2147483647;
			files = (
			);
			runOnlyForDeploymentPostprocessing = 0;
		};
/* End PBXSourcesBuildPhase section */

/* Begin PBXTargetDependency section */
		B277DE5B2D93602D00ED1F28 /* PBXTargetDependency */ = {
			isa = PBXTargetDependency;
			target = B277DE482D93602700ED1F28 /* Pomodoro_Technique_Timer */;
			targetProxy = B277DE5A2D93602D00ED1F28 /* PBXContainerItemProxy */;
		};
		B277DE652D93602D00ED1F28 /* PBXTargetDependency */ = {
			isa = PBXTargetDependency;
			target = B277DE482D93602700ED1F28 /* Pomodoro_Technique_Timer */;
			targetProxy = B277DE642D93602D00ED1F28 /* PBXContainerItemProxy */;
		};
/* End PBXTargetDependency section */

/* Begin XCBuildConfiguration section */
		B277DE6B2D93602D00ED1F28 /* Debug */ = {
			isa = XCBuildConfiguration;
			buildSettings = {
				ALWAYS_SEARCH_USER_PATHS = NO;
				ASSETCATALOG_COMPILER_GENERATE_SWIFT_ASSET_SYMBOL_EXTENSIONS = YES;
				CLANG_ANALYZER_NONNULL = YES;
				CLANG_ANALYZER_NUMBER_OBJECT_CONVERSION = YES_AGGRESSIVE;
				CLANG_CXX_LANGUAGE_STANDARD = "gnu++20";
				CLANG_ENABLE_MODULES = YES;
				CLANG_ENABLE_OBJC_ARC = YES;
				CLANG_ENABLE_OBJC_WEAK = YES;
				CLANG_WARN_BLOCK_CAPTURE_AUTORELEASING = YES;
				CLANG_WARN_BOOL_CONVERSION = YES;
				CLANG_WARN_COMMA = YES;
				CLANG_WARN_CONSTANT_CONVERSION = YES;
				CLANG_WARN_DEPRECATED_OBJC_IMPLEMENTATIONS = YES;
				CLANG_WARN_DIRECT_OBJC_ISA_USAGE = YES_ERROR;
				CLANG_WARN_DOCUMENTATION_COMMENTS = YES;
				CLANG_WARN_EMPTY_BODY = YES;
				CLANG_WARN_ENUM_CONVERSION = YES;
				CLANG_WARN_INFINITE_RECURSION = YES;
				CLANG_WARN_INT_CONVERSION = YES;
				CLANG_WARN_NON_LITERAL_NULL_CONVERSION = YES;
				CLANG_WARN_OBJC_IMPLICIT_RETAIN_SELF = YES;
				CLANG_WARN_OBJC_LITERAL_CONVERSION = YES;
				CLANG_WARN_OBJC_ROOT_CLASS = YES_ERROR;
				CLANG_WARN_QUOTED_INCLUDE_IN_FRAMEWORK_HEADER = YES;
				CLANG_WARN_RANGE_LOOP_ANALYSIS = YES;
				CLANG_WARN_STRICT_PROTOTYPES = YES;
				CLANG_WARN_SUSPICIOUS_MOVE = YES;
				CLANG_WARN_UNGUARDED_AVAILABILITY = YES_AGGRESSIVE;
				CLANG_WARN_UNREACHABLE_CODE = YES;
				CLANG_WARN__DUPLICATE_METHOD_MATCH = YES;
				COPY_PHASE_STRIP = NO;
				DEBUG_INFORMATION_FORMAT = dwarf;
				ENABLE_STRICT_OBJC_MSGSEND = YES;
				ENABLE_TESTABILITY = YES;
				ENABLE_USER_SCRIPT_SANDBOXING = YES;
				GCC_C_LANGUAGE_STANDARD = gnu17;
				GCC_DYNAMIC_NO_PIC = NO;
				GCC_NO_COMMON_BLOCKS = YES;
				GCC_OPTIMIZATION_LEVEL = 0;
				GCC_PREPROCESSOR_DEFINITIONS = (
					"DEBUG=1",
					"$(inherited)",
				);
				GCC_WARN_64_TO_32_BIT_CONVERSION = YES;
				GCC_WARN_ABOUT_RETURN_TYPE = YES_ERROR;
				GCC_WARN_UNDECLARED_SELECTOR = YES;
				GCC_WARN_UNINITIALIZED_AUTOS = YES_AGGRESSIVE;
				GCC_WARN_UNUSED_FUNCTION = YES;
				GCC_WARN_UNUSED_VARIABLE = YES;
				IPHONEOS_DEPLOYMENT_TARGET = 18.2;
				LOCALIZATION_PREFERS_STRING_CATALOGS = YES;
				MTL_ENABLE_DEBUG_INFO = INCLUDE_SOURCE;
				MTL_FAST_MATH = YES;
				ONLY_ACTIVE_ARCH = YES;
				SDKROOT = iphoneos;
				SWIFT_ACTIVE_COMPILATION_CONDITIONS = "DEBUG $(inherited)";
				SWIFT_OPTIMIZATION_LEVEL = "-Onone";
			};
			name = Debug;
		};
		B277DE6C2D93602D00ED1F28 /* Release */ = {
			isa = XCBuildConfiguration;
			buildSettings = {
				ALWAYS_SEARCH_USER_PATHS = NO;
				ASSETCATALOG_COMPILER_GENERATE_SWIFT_ASSET_SYMBOL_EXTENSIONS = YES;
				CLANG_ANALYZER_NONNULL = YES;
				CLANG_ANALYZER_NUMBER_OBJECT_CONVERSION = YES_AGGRESSIVE;
				CLANG_CXX_LANGUAGE_STANDARD = "gnu++20";
				CLANG_ENABLE_MODULES = YES;
				CLANG_ENABLE_OBJC_ARC = YES;
				CLANG_ENABLE_OBJC_WEAK = YES;
				CLANG_WARN_BLOCK_CAPTURE_AUTORELEASING = YES;
				CLANG_WARN_BOOL_CONVERSION = YES;
				CLANG_WARN_COMMA = YES;
				CLANG_WARN_CONSTANT_CONVERSION = YES;
				CLANG_WARN_DEPRECATED_OBJC_IMPLEMENTATIONS = YES;
				CLANG_WARN_DIRECT_OBJC_ISA_USAGE = YES_ERROR;
				CLANG_WARN_DOCUMENTATION_COMMENTS = YES;
				CLANG_WARN_EMPTY_BODY = YES;
				CLANG_WARN_ENUM_CONVERSION = YES;
				CLANG_WARN_INFINITE_RECURSION = YES;
				CLANG_WARN_INT_CONVERSION = YES;
				CLANG_WARN_NON_LITERAL_NULL_CONVERSION = YES;
				CLANG_WARN_OBJC_IMPLICIT_RETAIN_SELF = YES;
				CLANG_WARN_OBJC_LITERAL_CONVERSION = YES;
				CLANG_WARN_OBJC_ROOT_CLASS = YES_ERROR;
				CLANG_WARN_QUOTED_INCLUDE_IN_FRAMEWORK_HEADER = YES;
				CLANG_WARN_RANGE_LOOP_ANALYSIS = YES;
				CLANG_WARN_STRICT_PROTOTYPES = YES;
				CLANG_WARN_SUSPICIOUS_MOVE = YES;
				CLANG_WARN_UNGUARDED_AVAILABILITY = YES_AGGRESSIVE;
				CLANG_WARN_UNREACHABLE_CODE = YES;
				CLANG_WARN__DUPLICATE_METHOD_MATCH = YES;
				COPY_PHASE_STRIP = NO;
				DEBUG_INFORMATION_FORMAT = "dwarf-with-dsym";
				ENABLE_NS_ASSERTIONS = NO;
				ENABLE_STRICT_OBJC_MSGSEND = YES;
				ENABLE_USER_SCRIPT_SANDBOXING = YES;
				GCC_C_LANGUAGE_STANDARD = gnu17;
				GCC_NO_COMMON_BLOCKS = YES;
				GCC_WARN_64_TO_32_BIT_CONVERSION = YES;
				GCC_WARN_ABOUT_RETURN_TYPE = YES_ERROR;
				GCC_WARN_UNDECLARED_SELECTOR = YES;
				GCC_WARN_UNINITIALIZED_AUTOS = YES_AGGRESSIVE;
				GCC_WARN_UNUSED_FUNCTION = YES;
				GCC_WARN_UNUSED_VARIABLE = YES;
				IPHONEOS_DEPLOYMENT_TARGET = 18.2;
				LOCALIZATION_PREFERS_STRING_CATALOGS = YES;
				MTL_ENABLE_DEBUG_INFO = NO;
				MTL_FAST_MATH = YES;
				SDKROOT = iphoneos;
				SWIFT_COMPILATION_MODE = wholemodule;
				VALIDATE_PRODUCT = YES;
			};
			name = Release;
		};
		B277DE6E2D93602D00ED1F28 /* Debug */ = {
			isa = XCBuildConfiguration;
			buildSettings = {
				ASSETCATALOG_COMPILER_APPICON_NAME = AppIcon;
				ASSETCATALOG_COMPILER_GLOBAL_ACCENT_COLOR_NAME = AccentColor;
				CODE_SIGN_STYLE = Automatic;
				CURRENT_PROJECT_VERSION = 1;
				DEVELOPMENT_ASSET_PATHS = "\"Pomodoro_Technique_Timer/Preview Content\"";
				DEVELOPMENT_TEAM = W385GHLA3D;
				ENABLE_PREVIEWS = YES;
				GENERATE_INFOPLIST_FILE = YES;
				INFOPLIST_KEY_UIApplicationSceneManifest_Generation = YES;
				INFOPLIST_KEY_UIApplicationSupportsIndirectInputEvents = YES;
				INFOPLIST_KEY_UILaunchScreen_Generation = YES;
				INFOPLIST_KEY_UISupportedInterfaceOrientations_iPad = "UIInterfaceOrientationPortrait UIInterfaceOrientationPortraitUpsideDown UIInterfaceOrientationLandscapeLeft UIInterfaceOrientationLandscapeRight";
				INFOPLIST_KEY_UISupportedInterfaceOrientations_iPhone = "UIInterfaceOrientationPortrait UIInterfaceOrientationLandscapeLeft UIInterfaceOrientationLandscapeRight";
				LD_RUNPATH_SEARCH_PATHS = (
					"$(inherited)",
					"@executable_path/Frameworks",
				);
				MARKETING_VERSION = 1.0;
				PRODUCT_BUNDLE_IDENTIFIER = "N-A.Pomodoro-Technique-Timer";
				PRODUCT_NAME = "$(TARGET_NAME)";
				SWIFT_EMIT_LOC_STRINGS = YES;
				SWIFT_VERSION = 5.0;
				TARGETED_DEVICE_FAMILY = "1,2";
			};
			name = Debug;
		};
		B277DE6F2D93602D00ED1F28 /* Release */ = {
			isa = XCBuildConfiguration;
			buildSettings = {
				ASSETCATALOG_COMPILER_APPICON_NAME = AppIcon;
				ASSETCATALOG_COMPILER_GLOBAL_ACCENT_COLOR_NAME = AccentColor;
				CODE_SIGN_STYLE = Automatic;
				CURRENT_PROJECT_VERSION = 1;
				DEVELOPMENT_ASSET_PATHS = "\"Pomodoro_Technique_Timer/Preview Content\"";
				DEVELOPMENT_TEAM = W385GHLA3D;
				ENABLE_PREVIEWS = YES;
				GENERATE_INFOPLIST_FILE = YES;
				INFOPLIST_KEY_UIApplicationSceneManifest_Generation = YES;
				INFOPLIST_KEY_UIApplicationSupportsIndirectInputEvents = YES;
				INFOPLIST_KEY_UILaunchScreen_Generation = YES;
				INFOPLIST_KEY_UISupportedInterfaceOrientations_iPad = "UIInterfaceOrientationPortrait UIInterfaceOrientationPortraitUpsideDown UIInterfaceOrientationLandscapeLeft UIInterfaceOrientationLandscapeRight";
				INFOPLIST_KEY_UISupportedInterfaceOrientations_iPhone = "UIInterfaceOrientationPortrait UIInterfaceOrientationLandscapeLeft UIInterfaceOrientationLandscapeRight";
				LD_RUNPATH_SEARCH_PATHS = (
					"$(inherited)",
					"@executable_path/Frameworks",
				);
				MARKETING_VERSION = 1.0;
				PRODUCT_BUNDLE_IDENTIFIER = "N-A.Pomodoro-Technique-Timer";
				PRODUCT_NAME = "$(TARGET_NAME)";
				SWIFT_EMIT_LOC_STRINGS = YES;
				SWIFT_VERSION = 5.0;
				TARGETED_DEVICE_FAMILY = "1,2";
			};
			name = Release;
		};
		B277DE712D93602D00ED1F28 /* Debug */ = {
			isa = XCBuildConfiguration;
			buildSettings = {
				BUNDLE_LOADER = "$(TEST_HOST)";
				CODE_SIGN_STYLE = Automatic;
				CURRENT_PROJECT_VERSION = 1;
				DEVELOPMENT_TEAM = W385GHLA3D;
				GENERATE_INFOPLIST_FILE = YES;
				IPHONEOS_DEPLOYMENT_TARGET = 18.2;
				MARKETING_VERSION = 1.0;
				PRODUCT_BUNDLE_IDENTIFIER = "N-A.Pomodoro-Technique-TimerTests";
				PRODUCT_NAME = "$(TARGET_NAME)";
				SWIFT_EMIT_LOC_STRINGS = NO;
				SWIFT_VERSION = 5.0;
				TARGETED_DEVICE_FAMILY = "1,2";
				TEST_HOST = "$(BUILT_PRODUCTS_DIR)/Pomodoro_Technique_Timer.app/$(BUNDLE_EXECUTABLE_FOLDER_PATH)/Pomodoro_Technique_Timer";
			};
			name = Debug;
		};
		B277DE722D93602D00ED1F28 /* Release */ = {
			isa = XCBuildConfiguration;
			buildSettings = {
				BUNDLE_LOADER = "$(TEST_HOST)";
				CODE_SIGN_STYLE = Automatic;
				CURRENT_PROJECT_VERSION = 1;
				DEVELOPMENT_TEAM = W385GHLA3D;
				GENERATE_INFOPLIST_FILE = YES;
				IPHONEOS_DEPLOYMENT_TARGET = 18.2;
				MARKETING_VERSION = 1.0;
				PRODUCT_BUNDLE_IDENTIFIER = "N-A.Pomodoro-Technique-TimerTests";
				PRODUCT_NAME = "$(TARGET_NAME)";
				SWIFT_EMIT_LOC_STRINGS = NO;
				SWIFT_VERSION = 5.0;
				TARGETED_DEVICE_FAMILY = "1,2";
				TEST_HOST = "$(BUILT_PRODUCTS_DIR)/Pomodoro_Technique_Timer.app/$(BUNDLE_EXECUTABLE_FOLDER_PATH)/Pomodoro_Technique_Timer";
			};
			name = Release;
		};
		B277DE742D93602D00ED1F28 /* Debug */ = {
			isa = XCBuildConfiguration;
			buildSettings = {
				CODE_SIGN_STYLE = Automatic;
				CURRENT_PROJECT_VERSION = 1;
				DEVELOPMENT_TEAM = W385GHLA3D;
				GENERATE_INFOPLIST_FILE = YES;
				MARKETING_VERSION = 1.0;
				PRODUCT_BUNDLE_IDENTIFIER = "N-A.Pomodoro-Technique-TimerUITests";
				PRODUCT_NAME = "$(TARGET_NAME)";
				SWIFT_EMIT_LOC_STRINGS = NO;
				SWIFT_VERSION = 5.0;
				TARGETED_DEVICE_FAMILY = "1,2";
				TEST_TARGET_NAME = Pomodoro_Technique_Timer;
			};
			name = Debug;
		};
		B277DE752D93602D00ED1F28 /* Release */ = {
			isa = XCBuildConfiguration;
			buildSettings = {
				CODE_SIGN_STYLE = Automatic;
				CURRENT_PROJECT_VERSION = 1;
				DEVELOPMENT_TEAM = W385GHLA3D;
				GENERATE_INFOPLIST_FILE = YES;
				MARKETING_VERSION = 1.0;
				PRODUCT_BUNDLE_IDENTIFIER = "N-A.Pomodoro-Technique-TimerUITests";
				PRODUCT_NAME = "$(TARGET_NAME)";
				SWIFT_EMIT_LOC_STRINGS = NO;
				SWIFT_VERSION = 5.0;
				TARGETED_DEVICE_FAMILY = "1,2";
				TEST_TARGET_NAME = Pomodoro_Technique_Timer;
			};
			name = Release;
		};
/* End XCBuildConfiguration section */

/* Begin XCConfigurationList section */
		B277DE442D93602700ED1F28 /* Build configuration list for PBXProject "Pomodoro_Technique_Timer" */ = {
			isa = XCConfigurationList;
			buildConfigurations = (
				B277DE6B2D93602D00ED1F28 /* Debug */,
				B277DE6C2D93602D00ED1F28 /* Release */,
			);
			defaultConfigurationIsVisible = 0;
			defaultConfigurationName = Release;
		};
		B277DE6D2D93602D00ED1F28 /* Build configuration list for PBXNativeTarget "Pomodoro_Technique_Timer" */ = {
			isa = XCConfigurationList;
			buildConfigurations = (
				B277DE6E2D93602D00ED1F28 /* Debug */,
				B277DE6F2D93602D00ED1F28 /* Release */,
			);
			defaultConfigurationIsVisible = 0;
			defaultConfigurationName = Release;
		};
		B277DE702D93602D00ED1F28 /* Build configuration list for PBXNativeTarget "Pomodoro_Technique_TimerTests" */ = {
			isa = XCConfigurationList;
			buildConfigurations = (
				B277DE712D93602D00ED1F28 /* Debug */,
				B277DE722D93602D00ED1F28 /* Release */,
			);
			defaultConfigurationIsVisible = 0;
			defaultConfigurationName = Release;
		};
		B277DE732D93602D00ED1F28 /* Build configuration list for PBXNativeTarget "Pomodoro_Technique_TimerUITests" */ = {
			isa = XCConfigurationList;
			buildConfigurations = (
				B277DE742D93602D00ED1F28 /* Debug */,
				B277DE752D93602D00ED1F28 /* Release */,
			);
			defaultConfigurationIsVisible = 0;
			defaultConfigurationName = Release;
		};
/* End XCConfigurationList section */
	};
	rootObject = B277DE412D93602700ED1F28 /* Project object */;
}
